
Microsoft Visual Studio Solution File, Format Version 12.00
# Visual Studio Version 16
VisualStudioVersion = 16.0.30709.64
MinimumVisualStudioVersion = 10.0.40219.1
Project("{FAE04EC0-301F-11D3-BF4B-00C04F79EFBC}") = "BlazorSample", "BlazorSample\BlazorSample.csproj", "{50872DA7-23AA-4525-B806-7AA6F763C396}"
EndProject
Global
	GlobalSection(SolutionConfigurationPlatforms) = preSolution
		Debug|Any CPU = Debug|Any CPU
		Release|Any CPU = Release|Any CPU
	EndGlobalSection
	GlobalSection(ProjectConfigurationPlatforms) = postSolution
		{50872DA7-23AA-4525-B806-7AA6F763C396}.Debug|Any CPU.ActiveCfg = Debug|Any CPU
		{50872DA7-23AA-4525-B806-7AA6F763C396}.Debug|Any CPU.Build.0 = Debug|Any CPU
		{50872DA7-23AA-4525-B806-7AA6F763C396}.Release|Any CPU.ActiveCfg = Release|Any CPU
		{50872DA7-23AA-4525-B806-7AA6F763C396}.Release|Any CPU.Build.0 = Release|Any CPU
	EndGlobalSection
	GlobalSection(SolutionProperties) = preSolution
		HideSolutionNode = FALSE
	EndGlobalSection
	GlobalSection(ExtensibilityGlobals) = postSolution
		SolutionGuid = {8518088F-2E3E-4DB1-AF31-E30EFF3683BF}
	EndGlobalSection
EndGlobal
