
Microsoft Visual Studio Solution File, Format Version 12.00
# Visual Studio Version 16
VisualStudioVersion = 16.0.29503.13
MinimumVisualStudioVersion = 10.0.40219.1
Project("{FAE04EC0-301F-11D3-BF4B-00C04F79EFBC}") = "WebApplication8", "WebApplication8\WebApplication8.csproj", "{F1894B70-DAA6-40E0-828D-F317A0BEC96C}"
EndProject
Global
	GlobalSection(SolutionConfigurationPlatforms) = preSolution
		Debug|Any CPU = Debug|Any CPU
		Release|Any CPU = Release|Any CPU
	EndGlobalSection
	GlobalSection(ProjectConfigurationPlatforms) = postSolution
		{F1894B70-DAA6-40E0-828D-F317A0BEC96C}.Debug|Any CPU.ActiveCfg = Debug|Any CPU
		{F1894B70-DAA6-40E0-828D-F317A0BEC96C}.Debug|Any CPU.Build.0 = Debug|Any CPU
		{F1894B70-DAA6-40E0-828D-F317A0BEC96C}.Release|Any CPU.ActiveCfg = Release|Any CPU
		{F1894B70-DAA6-40E0-828D-F317A0BEC96C}.Release|Any CPU.Build.0 = Release|Any CPU
	EndGlobalSection
	GlobalSection(SolutionProperties) = preSolution
		HideSolutionNode = FALSE
	EndGlobalSection
	GlobalSection(ExtensibilityGlobals) = postSolution
		SolutionGuid = {45B01256-7BA6-401B-B5C5-0E12B322914B}
	EndGlobalSection
EndGlobal
