
Microsoft Visual Studio Solution File, Format Version 12.00
# Visual Studio Version 16
VisualStudioVersion = 16.0.30524.135
MinimumVisualStudioVersion = 10.0.40219.1
Project("{FAE04EC0-301F-11D3-BF4B-00C04F79EFBC}") = "Cli_BlazorApp1", "Cli_BlazorApp1.csproj", "{7119E3C9-CADF-4F8E-8909-364D9B6EEA7B}"
EndProject
Global
	GlobalSection(SolutionConfigurationPlatforms) = preSolution
		Debug|Any CPU = Debug|Any CPU
		Release|Any CPU = Release|Any CPU
	EndGlobalSection
	GlobalSection(ProjectConfigurationPlatforms) = postSolution
		{7119E3C9-CADF-4F8E-8909-364D9B6EEA7B}.Debug|Any CPU.ActiveCfg = Debug|Any CPU
		{7119E3C9-CADF-4F8E-8909-364D9B6EEA7B}.Debug|Any CPU.Build.0 = Debug|Any CPU
		{7119E3C9-CADF-4F8E-8909-364D9B6EEA7B}.Release|Any CPU.ActiveCfg = Release|Any CPU
		{7119E3C9-CADF-4F8E-8909-364D9B6EEA7B}.Release|Any CPU.Build.0 = Release|Any CPU
	EndGlobalSection
	GlobalSection(SolutionProperties) = preSolution
		HideSolutionNode = FALSE
	EndGlobalSection
	GlobalSection(ExtensibilityGlobals) = postSolution
		SolutionGuid = {4B8D0263-0F7E-47E7-8656-70689005D6CE}
	EndGlobalSection
EndGlobal
