
Microsoft Visual Studio Solution File, Format Version 12.00
# Visual Studio Version 16
VisualStudioVersion = 16.0.31205.134
MinimumVisualStudioVersion = 10.0.40219.1
Project("{9A19103F-16F7-4668-BE54-9A1E7A4F7556}") = "WebApplication1", "WebApplication1.csproj", "{3787FDB1-7C81-47B9-940C-0A24B0546BCA}"
EndProject
Project("{9A19103F-16F7-4668-BE54-9A1E7A4F7556}") = "Syncfusion.Blazor", "D:\EJ2\Source\ej2-blazor-source-release-19.2.0.1\Syncfusion.Blazor\Syncfusion.Blazor.csproj", "{C77540A1-0A7D-48F2-90E0-FA4B79CD39F6}"
EndProject
Global
	GlobalSection(SolutionConfigurationPlatforms) = preSolution
		Debug|Any CPU = Debug|Any CPU
		Release|Any CPU = Release|Any CPU
	EndGlobalSection
	GlobalSection(ProjectConfigurationPlatforms) = postSolution
		{3787FDB1-7C81-47B9-940C-0A24B0546BCA}.Debug|Any CPU.ActiveCfg = Debug|Any CPU
		{3787FDB1-7C81-47B9-940C-0A24B0546BCA}.Debug|Any CPU.Build.0 = Debug|Any CPU
		{3787FDB1-7C81-47B9-940C-0A24B0546BCA}.Release|Any CPU.ActiveCfg = Release|Any CPU
		{3787FDB1-7C81-47B9-940C-0A24B0546BCA}.Release|Any CPU.Build.0 = Release|Any CPU
		{C77540A1-0A7D-48F2-90E0-FA4B79CD39F6}.Debug|Any CPU.ActiveCfg = Debug|Any CPU
		{C77540A1-0A7D-48F2-90E0-FA4B79CD39F6}.Debug|Any CPU.Build.0 = Debug|Any CPU
		{C77540A1-0A7D-48F2-90E0-FA4B79CD39F6}.Release|Any CPU.ActiveCfg = Release|Any CPU
		{C77540A1-0A7D-48F2-90E0-FA4B79CD39F6}.Release|Any CPU.Build.0 = Release|Any CPU
	EndGlobalSection
	GlobalSection(SolutionProperties) = preSolution
		HideSolutionNode = FALSE
	EndGlobalSection
	GlobalSection(ExtensibilityGlobals) = postSolution
		SolutionGuid = {C2B6CBBD-D73F-479B-A55E-21480A80CDE5}
	EndGlobalSection
EndGlobal
