
Microsoft Visual Studio Solution File, Format Version 12.00
# Visual Studio Version 16
VisualStudioVersion = 16.0.30803.129
MinimumVisualStudioVersion = 10.0.40219.1
Project("{FAE04EC0-301F-11D3-BF4B-00C04F79EFBC}") = "Tree_DragAndDrop", "Tree_DragAndDrop.csproj", "{8868B51F-02B3-4119-9554-C832C13443CA}"
EndProject
Global
	GlobalSection(SolutionConfigurationPlatforms) = preSolution
		Debug|Any CPU = Debug|Any CPU
		Release|Any CPU = Release|Any CPU
	EndGlobalSection
	GlobalSection(ProjectConfigurationPlatforms) = postSolution
		{8868B51F-02B3-4119-9554-C832C13443CA}.Debug|Any CPU.ActiveCfg = Debug|Any CPU
		{8868B51F-02B3-4119-9554-C832C13443CA}.Debug|Any CPU.Build.0 = Debug|Any CPU
		{8868B51F-02B3-4119-9554-C832C13443CA}.Release|Any CPU.ActiveCfg = Release|Any CPU
		{8868B51F-02B3-4119-9554-C832C13443CA}.Release|Any CPU.Build.0 = Release|Any CPU
	EndGlobalSection
	GlobalSection(SolutionProperties) = preSolution
		HideSolutionNode = FALSE
	EndGlobalSection
	GlobalSection(ExtensibilityGlobals) = postSolution
		SolutionGuid = {F5FF749F-B2A2-4838-8F39-21598B1A601A}
	EndGlobalSection
EndGlobal
