
Microsoft Visual Studio Solution File, Format Version 12.00
# Visual Studio Version 16
VisualStudioVersion = 16.0.31205.134
MinimumVisualStudioVersion = 10.0.40219.1
Project("{FAE04EC0-301F-11D3-BF4B-00C04F79EFBC}") = "WebApplication1", "WebApplication1.csproj", "{B7DA235C-3043-4E01-91F0-D9DB963F4B08}"
EndProject
Global
	GlobalSection(SolutionConfigurationPlatforms) = preSolution
		Debug|Any CPU = Debug|Any CPU
		Release|Any CPU = Release|Any CPU
	EndGlobalSection
	GlobalSection(ProjectConfigurationPlatforms) = postSolution
		{B7DA235C-3043-4E01-91F0-D9DB963F4B08}.Debug|Any CPU.ActiveCfg = Debug|Any CPU
		{B7DA235C-3043-4E01-91F0-D9DB963F4B08}.Debug|Any CPU.Build.0 = Debug|Any CPU
		{B7DA235C-3043-4E01-91F0-D9DB963F4B08}.Release|Any CPU.ActiveCfg = Release|Any CPU
		{B7DA235C-3043-4E01-91F0-D9DB963F4B08}.Release|Any CPU.Build.0 = Release|Any CPU
	EndGlobalSection
	GlobalSection(SolutionProperties) = preSolution
		HideSolutionNode = FALSE
	EndGlobalSection
	GlobalSection(ExtensibilityGlobals) = postSolution
		SolutionGuid = {CD9C0ECF-8526-4291-B565-4AE882808EFB}
	EndGlobalSection
EndGlobal
