
Microsoft Visual Studio Solution File, Format Version 12.00
# Visual Studio Version 16
VisualStudioVersion = 16.0.30524.135
MinimumVisualStudioVersion = 10.0.40219.1
Project("{FAE04EC0-301F-11D3-BF4B-00C04F79EFBC}") = "BlazorApp1.Server", "Server\BlazorApp1.Server.csproj", "{AF0CDA62-28C1-4B68-A25B-72308238AB7E}"
EndProject
Project("{FAE04EC0-301F-11D3-BF4B-00C04F79EFBC}") = "BlazorApp1.Client", "Client\BlazorApp1.Client.csproj", "{8D45BA12-8054-4133-96C5-BD40D0886225}"
EndProject
Project("{FAE04EC0-301F-11D3-BF4B-00C04F79EFBC}") = "BlazorApp1.Shared", "Shared\BlazorApp1.Shared.csproj", "{AA03C982-B5D0-40E3-95E2-7FC3D6C10A6B}"
EndProject
Global
	GlobalSection(SolutionConfigurationPlatforms) = preSolution
		Debug|Any CPU = Debug|Any CPU
		Release|Any CPU = Release|Any CPU
	EndGlobalSection
	GlobalSection(ProjectConfigurationPlatforms) = postSolution
		{AF0CDA62-28C1-4B68-A25B-72308238AB7E}.Debug|Any CPU.ActiveCfg = Debug|Any CPU
		{AF0CDA62-28C1-4B68-A25B-72308238AB7E}.Debug|Any CPU.Build.0 = Debug|Any CPU
		{AF0CDA62-28C1-4B68-A25B-72308238AB7E}.Release|Any CPU.ActiveCfg = Release|Any CPU
		{AF0CDA62-28C1-4B68-A25B-72308238AB7E}.Release|Any CPU.Build.0 = Release|Any CPU
		{8D45BA12-8054-4133-96C5-BD40D0886225}.Debug|Any CPU.ActiveCfg = Debug|Any CPU
		{8D45BA12-8054-4133-96C5-BD40D0886225}.Debug|Any CPU.Build.0 = Debug|Any CPU
		{8D45BA12-8054-4133-96C5-BD40D0886225}.Release|Any CPU.ActiveCfg = Release|Any CPU
		{8D45BA12-8054-4133-96C5-BD40D0886225}.Release|Any CPU.Build.0 = Release|Any CPU
		{AA03C982-B5D0-40E3-95E2-7FC3D6C10A6B}.Debug|Any CPU.ActiveCfg = Debug|Any CPU
		{AA03C982-B5D0-40E3-95E2-7FC3D6C10A6B}.Debug|Any CPU.Build.0 = Debug|Any CPU
		{AA03C982-B5D0-40E3-95E2-7FC3D6C10A6B}.Release|Any CPU.ActiveCfg = Release|Any CPU
		{AA03C982-B5D0-40E3-95E2-7FC3D6C10A6B}.Release|Any CPU.Build.0 = Release|Any CPU
	EndGlobalSection
	GlobalSection(SolutionProperties) = preSolution
		HideSolutionNode = FALSE
	EndGlobalSection
	GlobalSection(ExtensibilityGlobals) = postSolution
		SolutionGuid = {7C0561B8-2F09-41C0-A37E-EBB442229E4F}
	EndGlobalSection
EndGlobal
